
Microsoft Visual Studio Solution File, Format Version 12.00
# Visual Studio Version 17
VisualStudioVersion = 17.9.34902.65
MinimumVisualStudioVersion = 10.0.40219.1
Project("{9A19103F-16F7-4668-BE54-9A1E7A4F7556}") = "Blog.API", "Article.API\Blog.API.csproj", "{34CDBD66-1B21-48D3-B410-BF60EC46A024}"
EndProject
Project("{FAE04EC0-301F-11D3-BF4B-00C04F79EFBC}") = "Blog.API.Tests", "Blog.API.Tests\Blog.API.Tests.csproj", "{F02118AD-489A-4133-9604-FA0B84B5B1A7}"
EndProject
Global
	GlobalSection(SolutionConfigurationPlatforms) = preSolution
		Debug|Any CPU = Debug|Any CPU
		Release|Any CPU = Release|Any CPU
	EndGlobalSection
	GlobalSection(ProjectConfigurationPlatforms) = postSolution
		{34CDBD66-1B21-48D3-B410-BF60EC46A024}.Debug|Any CPU.ActiveCfg = Debug|Any CPU
		{34CDBD66-1B21-48D3-B410-BF60EC46A024}.Debug|Any CPU.Build.0 = Debug|Any CPU
		{34CDBD66-1B21-48D3-B410-BF60EC46A024}.Release|Any CPU.ActiveCfg = Release|Any CPU
		{34CDBD66-1B21-48D3-B410-BF60EC46A024}.Release|Any CPU.Build.0 = Release|Any CPU
		{F02118AD-489A-4133-9604-FA0B84B5B1A7}.Debug|Any CPU.ActiveCfg = Debug|Any CPU
		{F02118AD-489A-4133-9604-FA0B84B5B1A7}.Debug|Any CPU.Build.0 = Debug|Any CPU
		{F02118AD-489A-4133-9604-FA0B84B5B1A7}.Release|Any CPU.ActiveCfg = Release|Any CPU
		{F02118AD-489A-4133-9604-FA0B84B5B1A7}.Release|Any CPU.Build.0 = Release|Any CPU
	EndGlobalSection
	GlobalSection(SolutionProperties) = preSolution
		HideSolutionNode = FALSE
	EndGlobalSection
	GlobalSection(ExtensibilityGlobals) = postSolution
		SolutionGuid = {07177347-66F2-4885-97DB-FBC13D76B757}
	EndGlobalSection
EndGlobal
